
Microsoft Visual Studio Solution File, Format Version 12.00
# Visual Studio Version 16
VisualStudioVersion = 16.0.30804.86
MinimumVisualStudioVersion = 10.0.40219.1
Project("{FAE04EC0-301F-11D3-BF4B-00C04F79EFBC}") = "SalesWebMvc", "SalesWebMvc\SalesWebMvc.csproj", "{16E9F152-8CAD-4EA7-86B8-E97DAD5A749F}"
EndProject
Global
	GlobalSection(SolutionConfigurationPlatforms) = preSolution
		Debug|Any CPU = Debug|Any CPU
		Release|Any CPU = Release|Any CPU
	EndGlobalSection
	GlobalSection(ProjectConfigurationPlatforms) = postSolution
		{16E9F152-8CAD-4EA7-86B8-E97DAD5A749F}.Debug|Any CPU.ActiveCfg = Debug|Any CPU
		{16E9F152-8CAD-4EA7-86B8-E97DAD5A749F}.Debug|Any CPU.Build.0 = Debug|Any CPU
		{16E9F152-8CAD-4EA7-86B8-E97DAD5A749F}.Release|Any CPU.ActiveCfg = Release|Any CPU
		{16E9F152-8CAD-4EA7-86B8-E97DAD5A749F}.Release|Any CPU.Build.0 = Release|Any CPU
	EndGlobalSection
	GlobalSection(SolutionProperties) = preSolution
		HideSolutionNode = FALSE
	EndGlobalSection
	GlobalSection(ExtensibilityGlobals) = postSolution
		SolutionGuid = {DF2BE254-21C4-4D3B-BECA-5A355CB21213}
	EndGlobalSection
EndGlobal
